
Microsoft Visual Studio Solution File, Format Version 12.00
# Visual Studio Version 16
VisualStudioVersion = 16.0.31624.102
MinimumVisualStudioVersion = 10.0.40219.1
Project("{FAE04EC0-301F-11D3-BF4B-00C04F79EFBC}") = "ApiCatologoJogos", "ApiCatologoJogos\ApiCatologoJogos.csproj", "{051E10FF-6E66-45A1-9126-95E67EEF64EF}"
EndProject
Global
	GlobalSection(SolutionConfigurationPlatforms) = preSolution
		Debug|Any CPU = Debug|Any CPU
		Release|Any CPU = Release|Any CPU
	EndGlobalSection
	GlobalSection(ProjectConfigurationPlatforms) = postSolution
		{051E10FF-6E66-45A1-9126-95E67EEF64EF}.Debug|Any CPU.ActiveCfg = Debug|Any CPU
		{051E10FF-6E66-45A1-9126-95E67EEF64EF}.Debug|Any CPU.Build.0 = Debug|Any CPU
		{051E10FF-6E66-45A1-9126-95E67EEF64EF}.Release|Any CPU.ActiveCfg = Release|Any CPU
		{051E10FF-6E66-45A1-9126-95E67EEF64EF}.Release|Any CPU.Build.0 = Release|Any CPU
	EndGlobalSection
	GlobalSection(SolutionProperties) = preSolution
		HideSolutionNode = FALSE
	EndGlobalSection
	GlobalSection(ExtensibilityGlobals) = postSolution
		SolutionGuid = {C7E053AE-D813-498B-9DB2-7CC2CBFA3732}
	EndGlobalSection
EndGlobal
